
Microsoft Visual Studio Solution File, Format Version 12.00
Project("{FAE04EC0-301F-11D3-BF4B-00C04F79EFBC}") = "LibrarySystem", "LibrarySystem\LibrarySystem.csproj", "{94AD4BF5-6A3A-406F-BD45-9343A3F5BDB3}"
EndProject
Global
	GlobalSection(SolutionConfigurationPlatforms) = preSolution
		Debug|Any CPU = Debug|Any CPU
		Release|Any CPU = Release|Any CPU
	EndGlobalSection
	GlobalSection(ProjectConfigurationPlatforms) = postSolution
		{94AD4BF5-6A3A-406F-BD45-9343A3F5BDB3}.Debug|Any CPU.ActiveCfg = Debug|Any CPU
		{94AD4BF5-6A3A-406F-BD45-9343A3F5BDB3}.Debug|Any CPU.Build.0 = Debug|Any CPU
		{94AD4BF5-6A3A-406F-BD45-9343A3F5BDB3}.Release|Any CPU.ActiveCfg = Release|Any CPU
		{94AD4BF5-6A3A-406F-BD45-9343A3F5BDB3}.Release|Any CPU.Build.0 = Release|Any CPU
	EndGlobalSection
EndGlobal
